# THIS IS AN AUTOGENERATED FILE. DO NOT EDIT THIS FILE DIRECTLY.
# yarn lockfile v1


imba@^2.0.0-alpha.95:
  version "2.0.0-alpha.95"
  resolved "https://registry.yarnpkg.com/imba/-/imba-2.0.0-alpha.95.tgz#755ef8fde3ba40ec8fe3bbc6b0b85158b543e84c"
  integrity sha512-SEyPtJAH2IG5DI/z3HUzibHqa/JfeVaL45bib+u6AzcGV+uSRCrhg4fW0BEo8JTxAZ1DRxwZKTp6BsOpzpAPdw==
